
Microsoft Visual Studio Solution File, Format Version 12.00
# Visual Studio Version 17
VisualStudioVersion = 17.5.33627.172
MinimumVisualStudioVersion = 10.0.40219.1
Project("{8BC9CEB8-8B4A-11D0-8D11-00A0C91BC942}") = "_001_HelloWorld", "_001_HelloWorld\_001_HelloWorld.vcxproj", "{EF1B469E-3204-442C-B99C-595CB75EEDF5}"
EndProject
Project("{8BC9CEB8-8B4A-11D0-8D11-00A0C91BC942}") = "_002_DataType", "_002_DataType\_002_DataType.vcxproj", "{8BBE86B4-018C-4502-9A99-28198A7FE98E}"
EndProject
Project("{8BC9CEB8-8B4A-11D0-8D11-00A0C91BC942}") = "_003_TransType", "_003_TransType\_003_TransType.vcxproj", "{AE33C4C4-32A4-4BE0-8EAA-C9F743A8DA78}"
EndProject
Project("{8BC9CEB8-8B4A-11D0-8D11-00A0C91BC942}") = "_004_Operator", "_004_Operator\_004_Operator.vcxproj", "{273848EF-2E21-4F51-BB94-8D7A0F5DFF92}"
EndProject
Project("{8BC9CEB8-8B4A-11D0-8D11-00A0C91BC942}") = "_005_Control", "_005_Control\_005_Control.vcxproj", "{382D1181-ECEA-4663-90D4-CD7E08266D0A}"
EndProject
Project("{8BC9CEB8-8B4A-11D0-8D11-00A0C91BC942}") = "_006_Function", "_006_Function\_006_Function.vcxproj", "{E3DB7969-CD8B-4043-839D-E63FA6EF8AC4}"
EndProject
Project("{8BC9CEB8-8B4A-11D0-8D11-00A0C91BC942}") = "_007_Array", "_007_Array\_007_Array.vcxproj", "{049806F7-574B-4C2D-9BC0-9D7323F5AD0A}"
EndProject
Project("{8BC9CEB8-8B4A-11D0-8D11-00A0C91BC942}") = "_008_Pointer", "_008_Pointer\_008_Pointer.vcxproj", "{E7EE140A-FE0A-4B25-A18A-B2770D7A6A9D}"
EndProject
Project("{8BC9CEB8-8B4A-11D0-8D11-00A0C91BC942}") = "_009_TwoDimArray", "_009_TwoDimArray\_009_TwoDimArray.vcxproj", "{8098AE3E-C311-4B8C-8849-E6AF64050FC4}"
EndProject
Project("{8BC9CEB8-8B4A-11D0-8D11-00A0C91BC942}") = "_010_DynamicAllocation", "_010_DynamicAllocation\_010_DynamicAllocation.vcxproj", "{BB19E697-6706-4346-A301-41F09A55FF62}"
EndProject
Project("{8BC9CEB8-8B4A-11D0-8D11-00A0C91BC942}") = "_011_Struct", "_11_Struct\_11_Struct.vcxproj", "{D9D985F6-032D-428E-A62B-051F5EBB12BC}"
EndProject
Project("{8BC9CEB8-8B4A-11D0-8D11-00A0C91BC942}") = "_012_Preprocessor", "_012_Preprocessor\_012_Preprocessor.vcxproj", "{D3195620-B6A2-4E80-A36B-90F3EE2105FD}"
EndProject
Project("{8BC9CEB8-8B4A-11D0-8D11-00A0C91BC942}") = "_013_FileDivide", "_013_FileDivide\_013_FileDivide.vcxproj", "{B1A6AD17-5AB4-4A9A-BB7A-76586305C30E}"
EndProject
Project("{8BC9CEB8-8B4A-11D0-8D11-00A0C91BC942}") = "_014_FileDivide", "_14_FileDivide\_14_FileDivide.vcxproj", "{EB51713E-47F1-43C3-8921-98AFD569ADBB}"
EndProject
Project("{8BC9CEB8-8B4A-11D0-8D11-00A0C91BC942}") = "_015_FileDivide", "_015_FileDivide\_015_FileDivide.vcxproj", "{85BF9255-38C5-47B5-9E8F-A4395637A715}"
EndProject
Project("{8BC9CEB8-8B4A-11D0-8D11-00A0C91BC942}") = "_016_FileDivide", "_016_FileDivide\_016_FileDivide.vcxproj", "{F4B85BC0-CC3F-46B6-9621-217AF7AD0E5D}"
EndProject
Project("{8BC9CEB8-8B4A-11D0-8D11-00A0C91BC942}") = "_017_FileDivide", "_017_FileDivide\_017_FileDivide.vcxproj", "{810184CE-EBF5-4B19-BF3F-3DF45330D4CB}"
EndProject
Project("{8BC9CEB8-8B4A-11D0-8D11-00A0C91BC942}") = "_018_FileDivide", "_018_FileDivide\_018_FileDivide.vcxproj", "{5869BF5B-D1D2-43D0-AEAE-8062595392C5}"
EndProject
Project("{8BC9CEB8-8B4A-11D0-8D11-00A0C91BC942}") = "_019_FileDivide", "_019_FileDivide\_019_FileDivide.vcxproj", "{345757BC-5DB7-4359-8797-5CD1763F4C56}"
EndProject
Global
	GlobalSection(SolutionConfigurationPlatforms) = preSolution
		Debug|x64 = Debug|x64
		Debug|x86 = Debug|x86
		Release|x64 = Release|x64
		Release|x86 = Release|x86
	EndGlobalSection
	GlobalSection(ProjectConfigurationPlatforms) = postSolution
		{EF1B469E-3204-442C-B99C-595CB75EEDF5}.Debug|x64.ActiveCfg = Debug|x64
		{EF1B469E-3204-442C-B99C-595CB75EEDF5}.Debug|x64.Build.0 = Debug|x64
		{EF1B469E-3204-442C-B99C-595CB75EEDF5}.Debug|x86.ActiveCfg = Debug|Win32
		{EF1B469E-3204-442C-B99C-595CB75EEDF5}.Debug|x86.Build.0 = Debug|Win32
		{EF1B469E-3204-442C-B99C-595CB75EEDF5}.Release|x64.ActiveCfg = Release|x64
		{EF1B469E-3204-442C-B99C-595CB75EEDF5}.Release|x64.Build.0 = Release|x64
		{EF1B469E-3204-442C-B99C-595CB75EEDF5}.Release|x86.ActiveCfg = Release|Win32
		{EF1B469E-3204-442C-B99C-595CB75EEDF5}.Release|x86.Build.0 = Release|Win32
		{8BBE86B4-018C-4502-9A99-28198A7FE98E}.Debug|x64.ActiveCfg = Debug|x64
		{8BBE86B4-018C-4502-9A99-28198A7FE98E}.Debug|x64.Build.0 = Debug|x64
		{8BBE86B4-018C-4502-9A99-28198A7FE98E}.Debug|x86.ActiveCfg = Debug|Win32
		{8BBE86B4-018C-4502-9A99-28198A7FE98E}.Debug|x86.Build.0 = Debug|Win32
		{8BBE86B4-018C-4502-9A99-28198A7FE98E}.Release|x64.ActiveCfg = Release|x64
		{8BBE86B4-018C-4502-9A99-28198A7FE98E}.Release|x64.Build.0 = Release|x64
		{8BBE86B4-018C-4502-9A99-28198A7FE98E}.Release|x86.ActiveCfg = Release|Win32
		{8BBE86B4-018C-4502-9A99-28198A7FE98E}.Release|x86.Build.0 = Release|Win32
		{AE33C4C4-32A4-4BE0-8EAA-C9F743A8DA78}.Debug|x64.ActiveCfg = Debug|x64
		{AE33C4C4-32A4-4BE0-8EAA-C9F743A8DA78}.Debug|x64.Build.0 = Debug|x64
		{AE33C4C4-32A4-4BE0-8EAA-C9F743A8DA78}.Debug|x86.ActiveCfg = Debug|Win32
		{AE33C4C4-32A4-4BE0-8EAA-C9F743A8DA78}.Debug|x86.Build.0 = Debug|Win32
		{AE33C4C4-32A4-4BE0-8EAA-C9F743A8DA78}.Release|x64.ActiveCfg = Release|x64
		{AE33C4C4-32A4-4BE0-8EAA-C9F743A8DA78}.Release|x64.Build.0 = Release|x64
		{AE33C4C4-32A4-4BE0-8EAA-C9F743A8DA78}.Release|x86.ActiveCfg = Release|Win32
		{AE33C4C4-32A4-4BE0-8EAA-C9F743A8DA78}.Release|x86.Build.0 = Release|Win32
		{273848EF-2E21-4F51-BB94-8D7A0F5DFF92}.Debug|x64.ActiveCfg = Debug|x64
		{273848EF-2E21-4F51-BB94-8D7A0F5DFF92}.Debug|x64.Build.0 = Debug|x64
		{273848EF-2E21-4F51-BB94-8D7A0F5DFF92}.Debug|x86.ActiveCfg = Debug|Win32
		{273848EF-2E21-4F51-BB94-8D7A0F5DFF92}.Debug|x86.Build.0 = Debug|Win32
		{273848EF-2E21-4F51-BB94-8D7A0F5DFF92}.Release|x64.ActiveCfg = Release|x64
		{273848EF-2E21-4F51-BB94-8D7A0F5DFF92}.Release|x64.Build.0 = Release|x64
		{273848EF-2E21-4F51-BB94-8D7A0F5DFF92}.Release|x86.ActiveCfg = Release|Win32
		{273848EF-2E21-4F51-BB94-8D7A0F5DFF92}.Release|x86.Build.0 = Release|Win32
		{382D1181-ECEA-4663-90D4-CD7E08266D0A}.Debug|x64.ActiveCfg = Debug|x64
		{382D1181-ECEA-4663-90D4-CD7E08266D0A}.Debug|x64.Build.0 = Debug|x64
		{382D1181-ECEA-4663-90D4-CD7E08266D0A}.Debug|x86.ActiveCfg = Debug|Win32
		{382D1181-ECEA-4663-90D4-CD7E08266D0A}.Debug|x86.Build.0 = Debug|Win32
		{382D1181-ECEA-4663-90D4-CD7E08266D0A}.Release|x64.ActiveCfg = Release|x64
		{382D1181-ECEA-4663-90D4-CD7E08266D0A}.Release|x64.Build.0 = Release|x64
		{382D1181-ECEA-4663-90D4-CD7E08266D0A}.Release|x86.ActiveCfg = Release|Win32
		{382D1181-ECEA-4663-90D4-CD7E08266D0A}.Release|x86.Build.0 = Release|Win32
		{E3DB7969-CD8B-4043-839D-E63FA6EF8AC4}.Debug|x64.ActiveCfg = Debug|x64
		{E3DB7969-CD8B-4043-839D-E63FA6EF8AC4}.Debug|x64.Build.0 = Debug|x64
		{E3DB7969-CD8B-4043-839D-E63FA6EF8AC4}.Debug|x86.ActiveCfg = Debug|Win32
		{E3DB7969-CD8B-4043-839D-E63FA6EF8AC4}.Debug|x86.Build.0 = Debug|Win32
		{E3DB7969-CD8B-4043-839D-E63FA6EF8AC4}.Release|x64.ActiveCfg = Release|x64
		{E3DB7969-CD8B-4043-839D-E63FA6EF8AC4}.Release|x64.Build.0 = Release|x64
		{E3DB7969-CD8B-4043-839D-E63FA6EF8AC4}.Release|x86.ActiveCfg = Release|Win32
		{E3DB7969-CD8B-4043-839D-E63FA6EF8AC4}.Release|x86.Build.0 = Release|Win32
		{049806F7-574B-4C2D-9BC0-9D7323F5AD0A}.Debug|x64.ActiveCfg = Debug|x64
		{049806F7-574B-4C2D-9BC0-9D7323F5AD0A}.Debug|x64.Build.0 = Debug|x64
		{049806F7-574B-4C2D-9BC0-9D7323F5AD0A}.Debug|x86.ActiveCfg = Debug|Win32
		{049806F7-574B-4C2D-9BC0-9D7323F5AD0A}.Debug|x86.Build.0 = Debug|Win32
		{049806F7-574B-4C2D-9BC0-9D7323F5AD0A}.Release|x64.ActiveCfg = Release|x64
		{049806F7-574B-4C2D-9BC0-9D7323F5AD0A}.Release|x64.Build.0 = Release|x64
		{049806F7-574B-4C2D-9BC0-9D7323F5AD0A}.Release|x86.ActiveCfg = Release|Win32
		{049806F7-574B-4C2D-9BC0-9D7323F5AD0A}.Release|x86.Build.0 = Release|Win32
		{E7EE140A-FE0A-4B25-A18A-B2770D7A6A9D}.Debug|x64.ActiveCfg = Debug|x64
		{E7EE140A-FE0A-4B25-A18A-B2770D7A6A9D}.Debug|x64.Build.0 = Debug|x64
		{E7EE140A-FE0A-4B25-A18A-B2770D7A6A9D}.Debug|x86.ActiveCfg = Debug|Win32
		{E7EE140A-FE0A-4B25-A18A-B2770D7A6A9D}.Debug|x86.Build.0 = Debug|Win32
		{E7EE140A-FE0A-4B25-A18A-B2770D7A6A9D}.Release|x64.ActiveCfg = Release|x64
		{E7EE140A-FE0A-4B25-A18A-B2770D7A6A9D}.Release|x64.Build.0 = Release|x64
		{E7EE140A-FE0A-4B25-A18A-B2770D7A6A9D}.Release|x86.ActiveCfg = Release|Win32
		{E7EE140A-FE0A-4B25-A18A-B2770D7A6A9D}.Release|x86.Build.0 = Release|Win32
		{8098AE3E-C311-4B8C-8849-E6AF64050FC4}.Debug|x64.ActiveCfg = Debug|x64
		{8098AE3E-C311-4B8C-8849-E6AF64050FC4}.Debug|x64.Build.0 = Debug|x64
		{8098AE3E-C311-4B8C-8849-E6AF64050FC4}.Debug|x86.ActiveCfg = Debug|Win32
		{8098AE3E-C311-4B8C-8849-E6AF64050FC4}.Debug|x86.Build.0 = Debug|Win32
		{8098AE3E-C311-4B8C-8849-E6AF64050FC4}.Release|x64.ActiveCfg = Release|x64
		{8098AE3E-C311-4B8C-8849-E6AF64050FC4}.Release|x64.Build.0 = Release|x64
		{8098AE3E-C311-4B8C-8849-E6AF64050FC4}.Release|x86.ActiveCfg = Release|Win32
		{8098AE3E-C311-4B8C-8849-E6AF64050FC4}.Release|x86.Build.0 = Release|Win32
		{BB19E697-6706-4346-A301-41F09A55FF62}.Debug|x64.ActiveCfg = Debug|x64
		{BB19E697-6706-4346-A301-41F09A55FF62}.Debug|x64.Build.0 = Debug|x64
		{BB19E697-6706-4346-A301-41F09A55FF62}.Debug|x86.ActiveCfg = Debug|Win32
		{BB19E697-6706-4346-A301-41F09A55FF62}.Debug|x86.Build.0 = Debug|Win32
		{BB19E697-6706-4346-A301-41F09A55FF62}.Release|x64.ActiveCfg = Release|x64
		{BB19E697-6706-4346-A301-41F09A55FF62}.Release|x64.Build.0 = Release|x64
		{BB19E697-6706-4346-A301-41F09A55FF62}.Release|x86.ActiveCfg = Release|Win32
		{BB19E697-6706-4346-A301-41F09A55FF62}.Release|x86.Build.0 = Release|Win32
		{D9D985F6-032D-428E-A62B-051F5EBB12BC}.Debug|x64.ActiveCfg = Debug|x64
		{D9D985F6-032D-428E-A62B-051F5EBB12BC}.Debug|x64.Build.0 = Debug|x64
		{D9D985F6-032D-428E-A62B-051F5EBB12BC}.Debug|x86.ActiveCfg = Debug|Win32
		{D9D985F6-032D-428E-A62B-051F5EBB12BC}.Debug|x86.Build.0 = Debug|Win32
		{D9D985F6-032D-428E-A62B-051F5EBB12BC}.Release|x64.ActiveCfg = Release|x64
		{D9D985F6-032D-428E-A62B-051F5EBB12BC}.Release|x64.Build.0 = Release|x64
		{D9D985F6-032D-428E-A62B-051F5EBB12BC}.Release|x86.ActiveCfg = Release|Win32
		{D9D985F6-032D-428E-A62B-051F5EBB12BC}.Release|x86.Build.0 = Release|Win32
		{D3195620-B6A2-4E80-A36B-90F3EE2105FD}.Debug|x64.ActiveCfg = Debug|x64
		{D3195620-B6A2-4E80-A36B-90F3EE2105FD}.Debug|x64.Build.0 = Debug|x64
		{D3195620-B6A2-4E80-A36B-90F3EE2105FD}.Debug|x86.ActiveCfg = Debug|Win32
		{D3195620-B6A2-4E80-A36B-90F3EE2105FD}.Debug|x86.Build.0 = Debug|Win32
		{D3195620-B6A2-4E80-A36B-90F3EE2105FD}.Release|x64.ActiveCfg = Release|x64
		{D3195620-B6A2-4E80-A36B-90F3EE2105FD}.Release|x64.Build.0 = Release|x64
		{D3195620-B6A2-4E80-A36B-90F3EE2105FD}.Release|x86.ActiveCfg = Release|Win32
		{D3195620-B6A2-4E80-A36B-90F3EE2105FD}.Release|x86.Build.0 = Release|Win32
		{B1A6AD17-5AB4-4A9A-BB7A-76586305C30E}.Debug|x64.ActiveCfg = Debug|x64
		{B1A6AD17-5AB4-4A9A-BB7A-76586305C30E}.Debug|x64.Build.0 = Debug|x64
		{B1A6AD17-5AB4-4A9A-BB7A-76586305C30E}.Debug|x86.ActiveCfg = Debug|Win32
		{B1A6AD17-5AB4-4A9A-BB7A-76586305C30E}.Debug|x86.Build.0 = Debug|Win32
		{B1A6AD17-5AB4-4A9A-BB7A-76586305C30E}.Release|x64.ActiveCfg = Release|x64
		{B1A6AD17-5AB4-4A9A-BB7A-76586305C30E}.Release|x64.Build.0 = Release|x64
		{B1A6AD17-5AB4-4A9A-BB7A-76586305C30E}.Release|x86.ActiveCfg = Release|Win32
		{B1A6AD17-5AB4-4A9A-BB7A-76586305C30E}.Release|x86.Build.0 = Release|Win32
		{EB51713E-47F1-43C3-8921-98AFD569ADBB}.Debug|x64.ActiveCfg = Debug|x64
		{EB51713E-47F1-43C3-8921-98AFD569ADBB}.Debug|x64.Build.0 = Debug|x64
		{EB51713E-47F1-43C3-8921-98AFD569ADBB}.Debug|x86.ActiveCfg = Debug|Win32
		{EB51713E-47F1-43C3-8921-98AFD569ADBB}.Debug|x86.Build.0 = Debug|Win32
		{EB51713E-47F1-43C3-8921-98AFD569ADBB}.Release|x64.ActiveCfg = Release|x64
		{EB51713E-47F1-43C3-8921-98AFD569ADBB}.Release|x64.Build.0 = Release|x64
		{EB51713E-47F1-43C3-8921-98AFD569ADBB}.Release|x86.ActiveCfg = Release|Win32
		{EB51713E-47F1-43C3-8921-98AFD569ADBB}.Release|x86.Build.0 = Release|Win32
		{85BF9255-38C5-47B5-9E8F-A4395637A715}.Debug|x64.ActiveCfg = Debug|x64
		{85BF9255-38C5-47B5-9E8F-A4395637A715}.Debug|x64.Build.0 = Debug|x64
		{85BF9255-38C5-47B5-9E8F-A4395637A715}.Debug|x86.ActiveCfg = Debug|Win32
		{85BF9255-38C5-47B5-9E8F-A4395637A715}.Debug|x86.Build.0 = Debug|Win32
		{85BF9255-38C5-47B5-9E8F-A4395637A715}.Release|x64.ActiveCfg = Release|x64
		{85BF9255-38C5-47B5-9E8F-A4395637A715}.Release|x64.Build.0 = Release|x64
		{85BF9255-38C5-47B5-9E8F-A4395637A715}.Release|x86.ActiveCfg = Release|Win32
		{85BF9255-38C5-47B5-9E8F-A4395637A715}.Release|x86.Build.0 = Release|Win32
		{F4B85BC0-CC3F-46B6-9621-217AF7AD0E5D}.Debug|x64.ActiveCfg = Debug|x64
		{F4B85BC0-CC3F-46B6-9621-217AF7AD0E5D}.Debug|x64.Build.0 = Debug|x64
		{F4B85BC0-CC3F-46B6-9621-217AF7AD0E5D}.Debug|x86.ActiveCfg = Debug|Win32
		{F4B85BC0-CC3F-46B6-9621-217AF7AD0E5D}.Debug|x86.Build.0 = Debug|Win32
		{F4B85BC0-CC3F-46B6-9621-217AF7AD0E5D}.Release|x64.ActiveCfg = Release|x64
		{F4B85BC0-CC3F-46B6-9621-217AF7AD0E5D}.Release|x64.Build.0 = Release|x64
		{F4B85BC0-CC3F-46B6-9621-217AF7AD0E5D}.Release|x86.ActiveCfg = Release|Win32
		{F4B85BC0-CC3F-46B6-9621-217AF7AD0E5D}.Release|x86.Build.0 = Release|Win32
		{810184CE-EBF5-4B19-BF3F-3DF45330D4CB}.Debug|x64.ActiveCfg = Debug|x64
		{810184CE-EBF5-4B19-BF3F-3DF45330D4CB}.Debug|x64.Build.0 = Debug|x64
		{810184CE-EBF5-4B19-BF3F-3DF45330D4CB}.Debug|x86.ActiveCfg = Debug|Win32
		{810184CE-EBF5-4B19-BF3F-3DF45330D4CB}.Debug|x86.Build.0 = Debug|Win32
		{810184CE-EBF5-4B19-BF3F-3DF45330D4CB}.Release|x64.ActiveCfg = Release|x64
		{810184CE-EBF5-4B19-BF3F-3DF45330D4CB}.Release|x64.Build.0 = Release|x64
		{810184CE-EBF5-4B19-BF3F-3DF45330D4CB}.Release|x86.ActiveCfg = Release|Win32
		{810184CE-EBF5-4B19-BF3F-3DF45330D4CB}.Release|x86.Build.0 = Release|Win32
		{5869BF5B-D1D2-43D0-AEAE-8062595392C5}.Debug|x64.ActiveCfg = Debug|x64
		{5869BF5B-D1D2-43D0-AEAE-8062595392C5}.Debug|x64.Build.0 = Debug|x64
		{5869BF5B-D1D2-43D0-AEAE-8062595392C5}.Debug|x86.ActiveCfg = Debug|Win32
		{5869BF5B-D1D2-43D0-AEAE-8062595392C5}.Debug|x86.Build.0 = Debug|Win32
		{5869BF5B-D1D2-43D0-AEAE-8062595392C5}.Release|x64.ActiveCfg = Release|x64
		{5869BF5B-D1D2-43D0-AEAE-8062595392C5}.Release|x64.Build.0 = Release|x64
		{5869BF5B-D1D2-43D0-AEAE-8062595392C5}.Release|x86.ActiveCfg = Release|Win32
		{5869BF5B-D1D2-43D0-AEAE-8062595392C5}.Release|x86.Build.0 = Release|Win32
		{345757BC-5DB7-4359-8797-5CD1763F4C56}.Debug|x64.ActiveCfg = Debug|x64
		{345757BC-5DB7-4359-8797-5CD1763F4C56}.Debug|x64.Build.0 = Debug|x64
		{345757BC-5DB7-4359-8797-5CD1763F4C56}.Debug|x86.ActiveCfg = Debug|Win32
		{345757BC-5DB7-4359-8797-5CD1763F4C56}.Debug|x86.Build.0 = Debug|Win32
		{345757BC-5DB7-4359-8797-5CD1763F4C56}.Release|x64.ActiveCfg = Release|x64
		{345757BC-5DB7-4359-8797-5CD1763F4C56}.Release|x64.Build.0 = Release|x64
		{345757BC-5DB7-4359-8797-5CD1763F4C56}.Release|x86.ActiveCfg = Release|Win32
		{345757BC-5DB7-4359-8797-5CD1763F4C56}.Release|x86.Build.0 = Release|Win32
	EndGlobalSection
	GlobalSection(SolutionProperties) = preSolution
		HideSolutionNode = FALSE
	EndGlobalSection
	GlobalSection(ExtensibilityGlobals) = postSolution
		SolutionGuid = {CD0789C1-BEE0-4FF7-AFDC-0D4542555CB9}
	EndGlobalSection
EndGlobal
