
Microsoft Visual Studio Solution File, Format Version 12.00
# Visual Studio Version 17
VisualStudioVersion = 17.5.33627.172
MinimumVisualStudioVersion = 10.0.40219.1
Project("{8BC9CEB8-8B4A-11D0-8D11-00A0C91BC942}") = "_001_CExtend", "_001_CExtend\_001_CExtend.vcxproj", "{6EDDA204-C0DC-432B-814E-EEAFA3666BA9}"
EndProject
Project("{8BC9CEB8-8B4A-11D0-8D11-00A0C91BC942}") = "_002_Class", "_002_Class\_002_Class.vcxproj", "{F2DB7BF1-8ECB-422E-88F9-A0F8A3574962}"
EndProject
Project("{8BC9CEB8-8B4A-11D0-8D11-00A0C91BC942}") = "_003_Constructor", "_003_Constructor\_003_Constructor.vcxproj", "{9FC4CBC2-5DD4-4900-89A1-E680D2684263}"
EndProject
Project("{8BC9CEB8-8B4A-11D0-8D11-00A0C91BC942}") = "_004_CopyConstructor", "_004_CopyConstructor\_004_CopyConstructor.vcxproj", "{541B256A-002F-4D80-98F1-671406197EE3}"
EndProject
Project("{8BC9CEB8-8B4A-11D0-8D11-00A0C91BC942}") = "_005_static_this", "_005_static_this\_005_static_this.vcxproj", "{151AE26B-CC86-4B86-A3BD-F25C8470FC87}"
EndProject
Project("{8BC9CEB8-8B4A-11D0-8D11-00A0C91BC942}") = "_006_Inheritance", "_006_Inheritance\_006_Inheritance.vcxproj", "{CE9F7FE6-D354-4E1F-AF56-63FC3AF3ED94}"
EndProject
Project("{8BC9CEB8-8B4A-11D0-8D11-00A0C91BC942}") = "_007_Virtual", "_007_Virtual\_007_Virtual.vcxproj", "{7E96ACE0-B4CD-406F-B4C4-E92DA7BA84B4}"
EndProject
Project("{8BC9CEB8-8B4A-11D0-8D11-00A0C91BC942}") = "_008_Interface", "_008_Interface\_008_Interface.vcxproj", "{B851494F-D081-41E6-9FA2-7E3E74E51279}"
EndProject
Project("{8BC9CEB8-8B4A-11D0-8D11-00A0C91BC942}") = "_009_Virtual_Destructor", "_009_Virtual_Destructor\_009_Virtual_Destructor.vcxproj", "{57CD5E54-979E-4FE1-A929-5915322C94D2}"
EndProject
Project("{8BC9CEB8-8B4A-11D0-8D11-00A0C91BC942}") = "_010_Virtual_Destructor", "_010_Virtual_Destructor\_010_Virtual_Destructor.vcxproj", "{071F06B9-1969-4013-ADCF-F30DA4C834C9}"
EndProject
Project("{8BC9CEB8-8B4A-11D0-8D11-00A0C91BC942}") = "_011_OperatorOverloading", "_011_OperatorOverloading\_011_OperatorOverloading.vcxproj", "{9028F297-DA82-4935-88B1-93B68B8919C4}"
EndProject
Project("{8BC9CEB8-8B4A-11D0-8D11-00A0C91BC942}") = "_012_TryCatch", "_012_TryCatch\_012_TryCatch.vcxproj", "{4A1CE94A-F15E-4DCD-86AB-0E6BEFC7A24A}"
EndProject
Project("{8BC9CEB8-8B4A-11D0-8D11-00A0C91BC942}") = "_013_Exception", "_013_Exception\_013_Exception.vcxproj", "{06CF8939-ABE2-4324-BB84-2101BD5BF4B2}"
EndProject
Project("{8BC9CEB8-8B4A-11D0-8D11-00A0C91BC942}") = "_014_Template", "_014_Template\_014_Template.vcxproj", "{B7D6C43C-C192-4350-9688-9A5C291BB6D6}"
EndProject
Project("{8BC9CEB8-8B4A-11D0-8D11-00A0C91BC942}") = "_015_Template", "_015_Template\_015_Template.vcxproj", "{F1BCBB29-E411-4405-B29C-CCA0FE60C44A}"
EndProject
Project("{8BC9CEB8-8B4A-11D0-8D11-00A0C91BC942}") = "_016_STL", "_016_STL\_016_STL.vcxproj", "{FD8F031F-55E4-4414-9251-361785B540AB}"
EndProject
Project("{8BC9CEB8-8B4A-11D0-8D11-00A0C91BC942}") = "_017_CppMyTest", "_017_CppMyTest\_017_CppMyTest.vcxproj", "{99606A5E-E58A-48FD-8376-0CA52C161B93}"
EndProject
Global
	GlobalSection(SolutionConfigurationPlatforms) = preSolution
		Debug|x64 = Debug|x64
		Debug|x86 = Debug|x86
		Release|x64 = Release|x64
		Release|x86 = Release|x86
	EndGlobalSection
	GlobalSection(ProjectConfigurationPlatforms) = postSolution
		{6EDDA204-C0DC-432B-814E-EEAFA3666BA9}.Debug|x64.ActiveCfg = Debug|x64
		{6EDDA204-C0DC-432B-814E-EEAFA3666BA9}.Debug|x64.Build.0 = Debug|x64
		{6EDDA204-C0DC-432B-814E-EEAFA3666BA9}.Debug|x86.ActiveCfg = Debug|Win32
		{6EDDA204-C0DC-432B-814E-EEAFA3666BA9}.Debug|x86.Build.0 = Debug|Win32
		{6EDDA204-C0DC-432B-814E-EEAFA3666BA9}.Release|x64.ActiveCfg = Release|x64
		{6EDDA204-C0DC-432B-814E-EEAFA3666BA9}.Release|x64.Build.0 = Release|x64
		{6EDDA204-C0DC-432B-814E-EEAFA3666BA9}.Release|x86.ActiveCfg = Release|Win32
		{6EDDA204-C0DC-432B-814E-EEAFA3666BA9}.Release|x86.Build.0 = Release|Win32
		{F2DB7BF1-8ECB-422E-88F9-A0F8A3574962}.Debug|x64.ActiveCfg = Debug|x64
		{F2DB7BF1-8ECB-422E-88F9-A0F8A3574962}.Debug|x64.Build.0 = Debug|x64
		{F2DB7BF1-8ECB-422E-88F9-A0F8A3574962}.Debug|x86.ActiveCfg = Debug|Win32
		{F2DB7BF1-8ECB-422E-88F9-A0F8A3574962}.Debug|x86.Build.0 = Debug|Win32
		{F2DB7BF1-8ECB-422E-88F9-A0F8A3574962}.Release|x64.ActiveCfg = Release|x64
		{F2DB7BF1-8ECB-422E-88F9-A0F8A3574962}.Release|x64.Build.0 = Release|x64
		{F2DB7BF1-8ECB-422E-88F9-A0F8A3574962}.Release|x86.ActiveCfg = Release|Win32
		{F2DB7BF1-8ECB-422E-88F9-A0F8A3574962}.Release|x86.Build.0 = Release|Win32
		{9FC4CBC2-5DD4-4900-89A1-E680D2684263}.Debug|x64.ActiveCfg = Debug|x64
		{9FC4CBC2-5DD4-4900-89A1-E680D2684263}.Debug|x64.Build.0 = Debug|x64
		{9FC4CBC2-5DD4-4900-89A1-E680D2684263}.Debug|x86.ActiveCfg = Debug|Win32
		{9FC4CBC2-5DD4-4900-89A1-E680D2684263}.Debug|x86.Build.0 = Debug|Win32
		{9FC4CBC2-5DD4-4900-89A1-E680D2684263}.Release|x64.ActiveCfg = Release|x64
		{9FC4CBC2-5DD4-4900-89A1-E680D2684263}.Release|x64.Build.0 = Release|x64
		{9FC4CBC2-5DD4-4900-89A1-E680D2684263}.Release|x86.ActiveCfg = Release|Win32
		{9FC4CBC2-5DD4-4900-89A1-E680D2684263}.Release|x86.Build.0 = Release|Win32
		{541B256A-002F-4D80-98F1-671406197EE3}.Debug|x64.ActiveCfg = Debug|x64
		{541B256A-002F-4D80-98F1-671406197EE3}.Debug|x64.Build.0 = Debug|x64
		{541B256A-002F-4D80-98F1-671406197EE3}.Debug|x86.ActiveCfg = Debug|Win32
		{541B256A-002F-4D80-98F1-671406197EE3}.Debug|x86.Build.0 = Debug|Win32
		{541B256A-002F-4D80-98F1-671406197EE3}.Release|x64.ActiveCfg = Release|x64
		{541B256A-002F-4D80-98F1-671406197EE3}.Release|x64.Build.0 = Release|x64
		{541B256A-002F-4D80-98F1-671406197EE3}.Release|x86.ActiveCfg = Release|Win32
		{541B256A-002F-4D80-98F1-671406197EE3}.Release|x86.Build.0 = Release|Win32
		{151AE26B-CC86-4B86-A3BD-F25C8470FC87}.Debug|x64.ActiveCfg = Debug|x64
		{151AE26B-CC86-4B86-A3BD-F25C8470FC87}.Debug|x64.Build.0 = Debug|x64
		{151AE26B-CC86-4B86-A3BD-F25C8470FC87}.Debug|x86.ActiveCfg = Debug|Win32
		{151AE26B-CC86-4B86-A3BD-F25C8470FC87}.Debug|x86.Build.0 = Debug|Win32
		{151AE26B-CC86-4B86-A3BD-F25C8470FC87}.Release|x64.ActiveCfg = Release|x64
		{151AE26B-CC86-4B86-A3BD-F25C8470FC87}.Release|x64.Build.0 = Release|x64
		{151AE26B-CC86-4B86-A3BD-F25C8470FC87}.Release|x86.ActiveCfg = Release|Win32
		{151AE26B-CC86-4B86-A3BD-F25C8470FC87}.Release|x86.Build.0 = Release|Win32
		{CE9F7FE6-D354-4E1F-AF56-63FC3AF3ED94}.Debug|x64.ActiveCfg = Debug|x64
		{CE9F7FE6-D354-4E1F-AF56-63FC3AF3ED94}.Debug|x64.Build.0 = Debug|x64
		{CE9F7FE6-D354-4E1F-AF56-63FC3AF3ED94}.Debug|x86.ActiveCfg = Debug|Win32
		{CE9F7FE6-D354-4E1F-AF56-63FC3AF3ED94}.Debug|x86.Build.0 = Debug|Win32
		{CE9F7FE6-D354-4E1F-AF56-63FC3AF3ED94}.Release|x64.ActiveCfg = Release|x64
		{CE9F7FE6-D354-4E1F-AF56-63FC3AF3ED94}.Release|x64.Build.0 = Release|x64
		{CE9F7FE6-D354-4E1F-AF56-63FC3AF3ED94}.Release|x86.ActiveCfg = Release|Win32
		{CE9F7FE6-D354-4E1F-AF56-63FC3AF3ED94}.Release|x86.Build.0 = Release|Win32
		{7E96ACE0-B4CD-406F-B4C4-E92DA7BA84B4}.Debug|x64.ActiveCfg = Debug|x64
		{7E96ACE0-B4CD-406F-B4C4-E92DA7BA84B4}.Debug|x64.Build.0 = Debug|x64
		{7E96ACE0-B4CD-406F-B4C4-E92DA7BA84B4}.Debug|x86.ActiveCfg = Debug|Win32
		{7E96ACE0-B4CD-406F-B4C4-E92DA7BA84B4}.Debug|x86.Build.0 = Debug|Win32
		{7E96ACE0-B4CD-406F-B4C4-E92DA7BA84B4}.Release|x64.ActiveCfg = Release|x64
		{7E96ACE0-B4CD-406F-B4C4-E92DA7BA84B4}.Release|x64.Build.0 = Release|x64
		{7E96ACE0-B4CD-406F-B4C4-E92DA7BA84B4}.Release|x86.ActiveCfg = Release|Win32
		{7E96ACE0-B4CD-406F-B4C4-E92DA7BA84B4}.Release|x86.Build.0 = Release|Win32
		{B851494F-D081-41E6-9FA2-7E3E74E51279}.Debug|x64.ActiveCfg = Debug|x64
		{B851494F-D081-41E6-9FA2-7E3E74E51279}.Debug|x64.Build.0 = Debug|x64
		{B851494F-D081-41E6-9FA2-7E3E74E51279}.Debug|x86.ActiveCfg = Debug|Win32
		{B851494F-D081-41E6-9FA2-7E3E74E51279}.Debug|x86.Build.0 = Debug|Win32
		{B851494F-D081-41E6-9FA2-7E3E74E51279}.Release|x64.ActiveCfg = Release|x64
		{B851494F-D081-41E6-9FA2-7E3E74E51279}.Release|x64.Build.0 = Release|x64
		{B851494F-D081-41E6-9FA2-7E3E74E51279}.Release|x86.ActiveCfg = Release|Win32
		{B851494F-D081-41E6-9FA2-7E3E74E51279}.Release|x86.Build.0 = Release|Win32
		{57CD5E54-979E-4FE1-A929-5915322C94D2}.Debug|x64.ActiveCfg = Debug|x64
		{57CD5E54-979E-4FE1-A929-5915322C94D2}.Debug|x64.Build.0 = Debug|x64
		{57CD5E54-979E-4FE1-A929-5915322C94D2}.Debug|x86.ActiveCfg = Debug|Win32
		{57CD5E54-979E-4FE1-A929-5915322C94D2}.Debug|x86.Build.0 = Debug|Win32
		{57CD5E54-979E-4FE1-A929-5915322C94D2}.Release|x64.ActiveCfg = Release|x64
		{57CD5E54-979E-4FE1-A929-5915322C94D2}.Release|x64.Build.0 = Release|x64
		{57CD5E54-979E-4FE1-A929-5915322C94D2}.Release|x86.ActiveCfg = Release|Win32
		{57CD5E54-979E-4FE1-A929-5915322C94D2}.Release|x86.Build.0 = Release|Win32
		{071F06B9-1969-4013-ADCF-F30DA4C834C9}.Debug|x64.ActiveCfg = Debug|x64
		{071F06B9-1969-4013-ADCF-F30DA4C834C9}.Debug|x64.Build.0 = Debug|x64
		{071F06B9-1969-4013-ADCF-F30DA4C834C9}.Debug|x86.ActiveCfg = Debug|Win32
		{071F06B9-1969-4013-ADCF-F30DA4C834C9}.Debug|x86.Build.0 = Debug|Win32
		{071F06B9-1969-4013-ADCF-F30DA4C834C9}.Release|x64.ActiveCfg = Release|x64
		{071F06B9-1969-4013-ADCF-F30DA4C834C9}.Release|x64.Build.0 = Release|x64
		{071F06B9-1969-4013-ADCF-F30DA4C834C9}.Release|x86.ActiveCfg = Release|Win32
		{071F06B9-1969-4013-ADCF-F30DA4C834C9}.Release|x86.Build.0 = Release|Win32
		{9028F297-DA82-4935-88B1-93B68B8919C4}.Debug|x64.ActiveCfg = Debug|x64
		{9028F297-DA82-4935-88B1-93B68B8919C4}.Debug|x64.Build.0 = Debug|x64
		{9028F297-DA82-4935-88B1-93B68B8919C4}.Debug|x86.ActiveCfg = Debug|Win32
		{9028F297-DA82-4935-88B1-93B68B8919C4}.Debug|x86.Build.0 = Debug|Win32
		{9028F297-DA82-4935-88B1-93B68B8919C4}.Release|x64.ActiveCfg = Release|x64
		{9028F297-DA82-4935-88B1-93B68B8919C4}.Release|x64.Build.0 = Release|x64
		{9028F297-DA82-4935-88B1-93B68B8919C4}.Release|x86.ActiveCfg = Release|Win32
		{9028F297-DA82-4935-88B1-93B68B8919C4}.Release|x86.Build.0 = Release|Win32
		{4A1CE94A-F15E-4DCD-86AB-0E6BEFC7A24A}.Debug|x64.ActiveCfg = Debug|x64
		{4A1CE94A-F15E-4DCD-86AB-0E6BEFC7A24A}.Debug|x64.Build.0 = Debug|x64
		{4A1CE94A-F15E-4DCD-86AB-0E6BEFC7A24A}.Debug|x86.ActiveCfg = Debug|Win32
		{4A1CE94A-F15E-4DCD-86AB-0E6BEFC7A24A}.Debug|x86.Build.0 = Debug|Win32
		{4A1CE94A-F15E-4DCD-86AB-0E6BEFC7A24A}.Release|x64.ActiveCfg = Release|x64
		{4A1CE94A-F15E-4DCD-86AB-0E6BEFC7A24A}.Release|x64.Build.0 = Release|x64
		{4A1CE94A-F15E-4DCD-86AB-0E6BEFC7A24A}.Release|x86.ActiveCfg = Release|Win32
		{4A1CE94A-F15E-4DCD-86AB-0E6BEFC7A24A}.Release|x86.Build.0 = Release|Win32
		{06CF8939-ABE2-4324-BB84-2101BD5BF4B2}.Debug|x64.ActiveCfg = Debug|x64
		{06CF8939-ABE2-4324-BB84-2101BD5BF4B2}.Debug|x64.Build.0 = Debug|x64
		{06CF8939-ABE2-4324-BB84-2101BD5BF4B2}.Debug|x86.ActiveCfg = Debug|Win32
		{06CF8939-ABE2-4324-BB84-2101BD5BF4B2}.Debug|x86.Build.0 = Debug|Win32
		{06CF8939-ABE2-4324-BB84-2101BD5BF4B2}.Release|x64.ActiveCfg = Release|x64
		{06CF8939-ABE2-4324-BB84-2101BD5BF4B2}.Release|x64.Build.0 = Release|x64
		{06CF8939-ABE2-4324-BB84-2101BD5BF4B2}.Release|x86.ActiveCfg = Release|Win32
		{06CF8939-ABE2-4324-BB84-2101BD5BF4B2}.Release|x86.Build.0 = Release|Win32
		{B7D6C43C-C192-4350-9688-9A5C291BB6D6}.Debug|x64.ActiveCfg = Debug|x64
		{B7D6C43C-C192-4350-9688-9A5C291BB6D6}.Debug|x64.Build.0 = Debug|x64
		{B7D6C43C-C192-4350-9688-9A5C291BB6D6}.Debug|x86.ActiveCfg = Debug|Win32
		{B7D6C43C-C192-4350-9688-9A5C291BB6D6}.Debug|x86.Build.0 = Debug|Win32
		{B7D6C43C-C192-4350-9688-9A5C291BB6D6}.Release|x64.ActiveCfg = Release|x64
		{B7D6C43C-C192-4350-9688-9A5C291BB6D6}.Release|x64.Build.0 = Release|x64
		{B7D6C43C-C192-4350-9688-9A5C291BB6D6}.Release|x86.ActiveCfg = Release|Win32
		{B7D6C43C-C192-4350-9688-9A5C291BB6D6}.Release|x86.Build.0 = Release|Win32
		{F1BCBB29-E411-4405-B29C-CCA0FE60C44A}.Debug|x64.ActiveCfg = Debug|x64
		{F1BCBB29-E411-4405-B29C-CCA0FE60C44A}.Debug|x64.Build.0 = Debug|x64
		{F1BCBB29-E411-4405-B29C-CCA0FE60C44A}.Debug|x86.ActiveCfg = Debug|Win32
		{F1BCBB29-E411-4405-B29C-CCA0FE60C44A}.Debug|x86.Build.0 = Debug|Win32
		{F1BCBB29-E411-4405-B29C-CCA0FE60C44A}.Release|x64.ActiveCfg = Release|x64
		{F1BCBB29-E411-4405-B29C-CCA0FE60C44A}.Release|x64.Build.0 = Release|x64
		{F1BCBB29-E411-4405-B29C-CCA0FE60C44A}.Release|x86.ActiveCfg = Release|Win32
		{F1BCBB29-E411-4405-B29C-CCA0FE60C44A}.Release|x86.Build.0 = Release|Win32
		{FD8F031F-55E4-4414-9251-361785B540AB}.Debug|x64.ActiveCfg = Debug|x64
		{FD8F031F-55E4-4414-9251-361785B540AB}.Debug|x64.Build.0 = Debug|x64
		{FD8F031F-55E4-4414-9251-361785B540AB}.Debug|x86.ActiveCfg = Debug|Win32
		{FD8F031F-55E4-4414-9251-361785B540AB}.Debug|x86.Build.0 = Debug|Win32
		{FD8F031F-55E4-4414-9251-361785B540AB}.Release|x64.ActiveCfg = Release|x64
		{FD8F031F-55E4-4414-9251-361785B540AB}.Release|x64.Build.0 = Release|x64
		{FD8F031F-55E4-4414-9251-361785B540AB}.Release|x86.ActiveCfg = Release|Win32
		{FD8F031F-55E4-4414-9251-361785B540AB}.Release|x86.Build.0 = Release|Win32
		{99606A5E-E58A-48FD-8376-0CA52C161B93}.Debug|x64.ActiveCfg = Debug|x64
		{99606A5E-E58A-48FD-8376-0CA52C161B93}.Debug|x64.Build.0 = Debug|x64
		{99606A5E-E58A-48FD-8376-0CA52C161B93}.Debug|x86.ActiveCfg = Debug|Win32
		{99606A5E-E58A-48FD-8376-0CA52C161B93}.Debug|x86.Build.0 = Debug|Win32
		{99606A5E-E58A-48FD-8376-0CA52C161B93}.Release|x64.ActiveCfg = Release|x64
		{99606A5E-E58A-48FD-8376-0CA52C161B93}.Release|x64.Build.0 = Release|x64
		{99606A5E-E58A-48FD-8376-0CA52C161B93}.Release|x86.ActiveCfg = Release|Win32
		{99606A5E-E58A-48FD-8376-0CA52C161B93}.Release|x86.Build.0 = Release|Win32
	EndGlobalSection
	GlobalSection(SolutionProperties) = preSolution
		HideSolutionNode = FALSE
	EndGlobalSection
	GlobalSection(ExtensibilityGlobals) = postSolution
		SolutionGuid = {5127C8E6-1EF4-4A8A-BAB9-F25A09255FBF}
	EndGlobalSection
EndGlobal
